
Microsoft Visual Studio Solution File, Format Version 12.00
# Visual Studio Version 17
VisualStudioVersion = 17.2.32526.322
MinimumVisualStudioVersion = 10.0.40219.1
Project("{FAE04EC0-301F-11D3-BF4B-00C04F79EFBC}") = "CensusAnalyser", "CensusAnalyser\CensusAnalyser.csproj", "{D27C2182-EF26-4A5F-83D9-6708BFE55464}"
EndProject
Project("{FAE04EC0-301F-11D3-BF4B-00C04F79EFBC}") = "CensusAnalyserTest", "CensusAnalyserTest\CensusAnalyserTest.csproj", "{A4AA9404-47B1-41CC-8FAB-AB8F57487505}"
EndProject
Global
	GlobalSection(SolutionConfigurationPlatforms) = preSolution
		Debug|Any CPU = Debug|Any CPU
		Release|Any CPU = Release|Any CPU
	EndGlobalSection
	GlobalSection(ProjectConfigurationPlatforms) = postSolution
		{D27C2182-EF26-4A5F-83D9-6708BFE55464}.Debug|Any CPU.ActiveCfg = Debug|Any CPU
		{D27C2182-EF26-4A5F-83D9-6708BFE55464}.Debug|Any CPU.Build.0 = Debug|Any CPU
		{D27C2182-EF26-4A5F-83D9-6708BFE55464}.Release|Any CPU.ActiveCfg = Release|Any CPU
		{D27C2182-EF26-4A5F-83D9-6708BFE55464}.Release|Any CPU.Build.0 = Release|Any CPU
		{A4AA9404-47B1-41CC-8FAB-AB8F57487505}.Debug|Any CPU.ActiveCfg = Debug|Any CPU
		{A4AA9404-47B1-41CC-8FAB-AB8F57487505}.Debug|Any CPU.Build.0 = Debug|Any CPU
		{A4AA9404-47B1-41CC-8FAB-AB8F57487505}.Release|Any CPU.ActiveCfg = Release|Any CPU
		{A4AA9404-47B1-41CC-8FAB-AB8F57487505}.Release|Any CPU.Build.0 = Release|Any CPU
	EndGlobalSection
	GlobalSection(SolutionProperties) = preSolution
		HideSolutionNode = FALSE
	EndGlobalSection
	GlobalSection(ExtensibilityGlobals) = postSolution
		SolutionGuid = {D04D90D5-2296-49A3-85F2-CE02B453AFF9}
	EndGlobalSection
EndGlobal
